// !$*UTF8*$!
{
	archiveVersion = 1;
	classes = {
	};
	objectVersion = 56;
	objects = {

/* Begin PBXBuildFile section */
		050B8FFB2C33E8BB0046C81C /* ProfileOptionRowView.swift in Sources */ = {isa = PBXBuildFile; fileRef = 050B8FFA2C33E8BB0046C81C /* ProfileOptionRowView.swift */; };
		050B8FFD2C33E9F80046C81C /* WIshListsView.swift in Sources */ = {isa = PBXBuildFile; fileRef = 050B8FFC2C33E9F80046C81C /* WIshListsView.swift */; };
		050B8FFF2C33EAE40046C81C /* MainTabView.swift in Sources */ = {isa = PBXBuildFile; fileRef = 050B8FFE2C33EAE40046C81C /* MainTabView.swift */; };
		050B90032C33EF780046C81C /* Listing.swift in Sources */ = {isa = PBXBuildFile; fileRef = 050B90022C33EF780046C81C /* Listing.swift */; };
		050B90052C33F0750046C81C /* DeveloperPreview.swift in Sources */ = {isa = PBXBuildFile; fileRef = 050B90042C33F0750046C81C /* DeveloperPreview.swift */; };
		050B900A2C33F11D0046C81C /* ExplorerViewModel.swift in Sources */ = {isa = PBXBuildFile; fileRef = 050B90092C33F11D0046C81C /* ExplorerViewModel.swift */; };
		050B900C2C33F16E0046C81C /* ExploreService.swift in Sources */ = {isa = PBXBuildFile; fileRef = 050B900B2C33F16E0046C81C /* ExploreService.swift */; };
		051F125E2C33456600C90A9D /* CollapsibleSearchViewViewModifier.swift in Sources */ = {isa = PBXBuildFile; fileRef = 051F125D2C33456600C90A9D /* CollapsibleSearchViewViewModifier.swift */; };
		051F12602C33470600C90A9D /* ProfileView.swift in Sources */ = {isa = PBXBuildFile; fileRef = 051F125F2C33470600C90A9D /* ProfileView.swift */; };
		054FFD7C2C2E9EBA00633196 /* AirbnbApp.swift in Sources */ = {isa = PBXBuildFile; fileRef = 054FFD7B2C2E9EBA00633196 /* AirbnbApp.swift */; };
		054FFD7E2C2E9EBA00633196 /* ContentView.swift in Sources */ = {isa = PBXBuildFile; fileRef = 054FFD7D2C2E9EBA00633196 /* ContentView.swift */; };
		054FFD802C2E9EBB00633196 /* Assets.xcassets in Resources */ = {isa = PBXBuildFile; fileRef = 054FFD7F2C2E9EBB00633196 /* Assets.xcassets */; };
		054FFD832C2E9EBB00633196 /* Preview Assets.xcassets in Resources */ = {isa = PBXBuildFile; fileRef = 054FFD822C2E9EBB00633196 /* Preview Assets.xcassets */; };
		054FFD962C2E9F9800633196 /* ExploreView.swift in Sources */ = {isa = PBXBuildFile; fileRef = 054FFD952C2E9F9800633196 /* ExploreView.swift */; };
		054FFD992C2EA04600633196 /* ListingItemView.swift in Sources */ = {isa = PBXBuildFile; fileRef = 054FFD982C2EA04600633196 /* ListingItemView.swift */; };
		059890642C2EB1C8005C3494 /* SearchAndFilterBar.swift in Sources */ = {isa = PBXBuildFile; fileRef = 059890632C2EB1C8005C3494 /* SearchAndFilterBar.swift */; };
		059890662C2EB53E005C3494 /* ListingDetailView.swift in Sources */ = {isa = PBXBuildFile; fileRef = 059890652C2EB53E005C3494 /* ListingDetailView.swift */; };
		059890692C2EB5A6005C3494 /* ListingImageCarouselView.swift in Sources */ = {isa = PBXBuildFile; fileRef = 059890682C2EB5A6005C3494 /* ListingImageCarouselView.swift */; };
		05C8E9AE2C31414B0011DD9E /* DestinationSearchView.swift in Sources */ = {isa = PBXBuildFile; fileRef = 05C8E9AD2C31414B0011DD9E /* DestinationSearchView.swift */; };
		05C8E9B02C3145490011DD9E /* CollapsedPickerView.swift in Sources */ = {isa = PBXBuildFile; fileRef = 05C8E9AF2C3145490011DD9E /* CollapsedPickerView.swift */; };
/* End PBXBuildFile section */

/* Begin PBXFileReference section */
		050B8FFA2C33E8BB0046C81C /* ProfileOptionRowView.swift */ = {isa = PBXFileReference; lastKnownFileType = sourcecode.swift; path = ProfileOptionRowView.swift; sourceTree = "<group>"; };
		050B8FFC2C33E9F80046C81C /* WIshListsView.swift */ = {isa = PBXFileReference; lastKnownFileType = sourcecode.swift; path = WIshListsView.swift; sourceTree = "<group>"; };
		050B8FFE2C33EAE40046C81C /* MainTabView.swift */ = {isa = PBXFileReference; lastKnownFileType = sourcecode.swift; path = MainTabView.swift; sourceTree = "<group>"; };
		050B90022C33EF780046C81C /* Listing.swift */ = {isa = PBXFileReference; lastKnownFileType = sourcecode.swift; path = Listing.swift; sourceTree = "<group>"; };
		050B90042C33F0750046C81C /* DeveloperPreview.swift */ = {isa = PBXFileReference; lastKnownFileType = sourcecode.swift; path = DeveloperPreview.swift; sourceTree = "<group>"; };
		050B90092C33F11D0046C81C /* ExplorerViewModel.swift */ = {isa = PBXFileReference; lastKnownFileType = sourcecode.swift; path = ExplorerViewModel.swift; sourceTree = "<group>"; };
		050B900B2C33F16E0046C81C /* ExploreService.swift */ = {isa = PBXFileReference; lastKnownFileType = sourcecode.swift; path = ExploreService.swift; sourceTree = "<group>"; };
		051F125D2C33456600C90A9D /* CollapsibleSearchViewViewModifier.swift */ = {isa = PBXFileReference; lastKnownFileType = sourcecode.swift; path = CollapsibleSearchViewViewModifier.swift; sourceTree = "<group>"; };
		051F125F2C33470600C90A9D /* ProfileView.swift */ = {isa = PBXFileReference; lastKnownFileType = sourcecode.swift; path = ProfileView.swift; sourceTree = "<group>"; };
		054FFD782C2E9EBA00633196 /* Airbnb.app */ = {isa = PBXFileReference; explicitFileType = wrapper.application; includeInIndex = 0; path = Airbnb.app; sourceTree = BUILT_PRODUCTS_DIR; };
		054FFD7B2C2E9EBA00633196 /* AirbnbApp.swift */ = {isa = PBXFileReference; lastKnownFileType = sourcecode.swift; path = AirbnbApp.swift; sourceTree = "<group>"; };
		054FFD7D2C2E9EBA00633196 /* ContentView.swift */ = {isa = PBXFileReference; lastKnownFileType = sourcecode.swift; path = ContentView.swift; sourceTree = "<group>"; };
		054FFD7F2C2E9EBB00633196 /* Assets.xcassets */ = {isa = PBXFileReference; lastKnownFileType = folder.assetcatalog; path = Assets.xcassets; sourceTree = "<group>"; };
		054FFD822C2E9EBB00633196 /* Preview Assets.xcassets */ = {isa = PBXFileReference; lastKnownFileType = folder.assetcatalog; path = "Preview Assets.xcassets"; sourceTree = "<group>"; };
		054FFD952C2E9F9800633196 /* ExploreView.swift */ = {isa = PBXFileReference; lastKnownFileType = sourcecode.swift; path = ExploreView.swift; sourceTree = "<group>"; };
		054FFD982C2EA04600633196 /* ListingItemView.swift */ = {isa = PBXFileReference; lastKnownFileType = sourcecode.swift; path = ListingItemView.swift; sourceTree = "<group>"; };
		059890632C2EB1C8005C3494 /* SearchAndFilterBar.swift */ = {isa = PBXFileReference; lastKnownFileType = sourcecode.swift; path = SearchAndFilterBar.swift; sourceTree = "<group>"; };
		059890652C2EB53E005C3494 /* ListingDetailView.swift */ = {isa = PBXFileReference; lastKnownFileType = sourcecode.swift; path = ListingDetailView.swift; sourceTree = "<group>"; };
		059890682C2EB5A6005C3494 /* ListingImageCarouselView.swift */ = {isa = PBXFileReference; lastKnownFileType = sourcecode.swift; path = ListingImageCarouselView.swift; sourceTree = "<group>"; };
		05C8E9AD2C31414B0011DD9E /* DestinationSearchView.swift */ = {isa = PBXFileReference; lastKnownFileType = sourcecode.swift; path = DestinationSearchView.swift; sourceTree = "<group>"; };
		05C8E9AF2C3145490011DD9E /* CollapsedPickerView.swift */ = {isa = PBXFileReference; lastKnownFileType = sourcecode.swift; path = CollapsedPickerView.swift; sourceTree = "<group>"; };
/* End PBXFileReference section */

/* Begin PBXFrameworksBuildPhase section */
		054FFD752C2E9EBA00633196 /* Frameworks */ = {
			isa = PBXFrameworksBuildPhase;
			buildActionMask = 2147483647;
			files = (
			);
			runOnlyForDeploymentPostprocessing = 0;
		};
/* End PBXFrameworksBuildPhase section */

/* Begin PBXGroup section */
		050B90002C33EF570046C81C /* View */ = {
			isa = PBXGroup;
			children = (
				054FFD982C2EA04600633196 /* ListingItemView.swift */,
				059890652C2EB53E005C3494 /* ListingDetailView.swift */,
			);
			path = View;
			sourceTree = "<group>";
		};
		050B90012C33EF5A0046C81C /* Model */ = {
			isa = PBXGroup;
			children = (
				050B90022C33EF780046C81C /* Listing.swift */,
			);
			path = Model;
			sourceTree = "<group>";
		};
		050B90062C33F0F80046C81C /* Service */ = {
			isa = PBXGroup;
			children = (
				050B900B2C33F16E0046C81C /* ExploreService.swift */,
			);
			path = Service;
			sourceTree = "<group>";
		};
		050B90072C33F0FF0046C81C /* View */ = {
			isa = PBXGroup;
			children = (
				054FFD952C2E9F9800633196 /* ExploreView.swift */,
				059890632C2EB1C8005C3494 /* SearchAndFilterBar.swift */,
				05C8E9AD2C31414B0011DD9E /* DestinationSearchView.swift */,
			);
			path = View;
			sourceTree = "<group>";
		};
		050B90082C33F1020046C81C /* ViewModel */ = {
			isa = PBXGroup;
			children = (
				050B90092C33F11D0046C81C /* ExplorerViewModel.swift */,
			);
			path = ViewModel;
			sourceTree = "<group>";
		};
		054FFD6F2C2E9EBA00633196 = {
			isa = PBXGroup;
			children = (
				054FFD7A2C2E9EBA00633196 /* Airbnb */,
				054FFD792C2E9EBA00633196 /* Products */,
			);
			sourceTree = "<group>";
		};
		054FFD792C2E9EBA00633196 /* Products */ = {
			isa = PBXGroup;
			children = (
				054FFD782C2E9EBA00633196 /* Airbnb.app */,
			);
			name = Products;
			sourceTree = "<group>";
		};
		054FFD7A2C2E9EBA00633196 /* Airbnb */ = {
			isa = PBXGroup;
			children = (
				054FFD8C2C2E9EF300633196 /* App */,
				054FFD8B2C2E9EF100633196 /* Core */,
				054FFD8A2C2E9EED00633196 /* Extensions */,
				054FFD892C2E9EE200633196 /* Models */,
				054FFD8D2C2E9F0B00633196 /* Utils */,
				054FFD7F2C2E9EBB00633196 /* Assets.xcassets */,
				054FFD812C2E9EBB00633196 /* Preview Content */,
			);
			path = Airbnb;
			sourceTree = "<group>";
		};
		054FFD812C2E9EBB00633196 /* Preview Content */ = {
			isa = PBXGroup;
			children = (
				054FFD822C2E9EBB00633196 /* Preview Assets.xcassets */,
			);
			path = "Preview Content";
			sourceTree = "<group>";
		};
		054FFD892C2E9EE200633196 /* Models */ = {
			isa = PBXGroup;
			children = (
			);
			path = Models;
			sourceTree = "<group>";
		};
		054FFD8A2C2E9EED00633196 /* Extensions */ = {
			isa = PBXGroup;
			children = (
				050B90042C33F0750046C81C /* DeveloperPreview.swift */,
			);
			path = Extensions;
			sourceTree = "<group>";
		};
		054FFD8B2C2E9EF100633196 /* Core */ = {
			isa = PBXGroup;
			children = (
				059890672C2EB58F005C3494 /* Components */,
				054FFD942C2E9F4C00633196 /* Wishlists */,
				054FFD932C2E9F4700633196 /* TabBar */,
				054FFD922C2E9F4200633196 /* Root */,
				054FFD912C2E9F3C00633196 /* Profile */,
				054FFD902C2E9F3800633196 /* Mapview */,
				054FFD8F2C2E9F3300633196 /* Listings */,
				054FFD8E2C2E9F2F00633196 /* Explore */,
			);
			path = Core;
			sourceTree = "<group>";
		};
		054FFD8C2C2E9EF300633196 /* App */ = {
			isa = PBXGroup;
			children = (
				054FFD7B2C2E9EBA00633196 /* AirbnbApp.swift */,
			);
			path = App;
			sourceTree = "<group>";
		};
		054FFD8D2C2E9F0B00633196 /* Utils */ = {
			isa = PBXGroup;
			children = (
				051F125D2C33456600C90A9D /* CollapsibleSearchViewViewModifier.swift */,
			);
			path = Utils;
			sourceTree = "<group>";
		};
		054FFD8E2C2E9F2F00633196 /* Explore */ = {
			isa = PBXGroup;
			children = (
				050B90082C33F1020046C81C /* ViewModel */,
				050B90072C33F0FF0046C81C /* View */,
				050B90062C33F0F80046C81C /* Service */,
			);
			path = Explore;
			sourceTree = "<group>";
		};
		054FFD8F2C2E9F3300633196 /* Listings */ = {
			isa = PBXGroup;
			children = (
				050B90012C33EF5A0046C81C /* Model */,
				050B90002C33EF570046C81C /* View */,
			);
			path = Listings;
			sourceTree = "<group>";
		};
		054FFD902C2E9F3800633196 /* Mapview */ = {
			isa = PBXGroup;
			children = (
			);
			path = Mapview;
			sourceTree = "<group>";
		};
		054FFD912C2E9F3C00633196 /* Profile */ = {
			isa = PBXGroup;
			children = (
				051F125F2C33470600C90A9D /* ProfileView.swift */,
				050B8FFA2C33E8BB0046C81C /* ProfileOptionRowView.swift */,
			);
			path = Profile;
			sourceTree = "<group>";
		};
		054FFD922C2E9F4200633196 /* Root */ = {
			isa = PBXGroup;
			children = (
				054FFD7D2C2E9EBA00633196 /* ContentView.swift */,
			);
			path = Root;
			sourceTree = "<group>";
		};
		054FFD932C2E9F4700633196 /* TabBar */ = {
			isa = PBXGroup;
			children = (
				050B8FFE2C33EAE40046C81C /* MainTabView.swift */,
			);
			path = TabBar;
			sourceTree = "<group>";
		};
		054FFD942C2E9F4C00633196 /* Wishlists */ = {
			isa = PBXGroup;
			children = (
				050B8FFC2C33E9F80046C81C /* WIshListsView.swift */,
			);
			path = Wishlists;
			sourceTree = "<group>";
		};
		059890672C2EB58F005C3494 /* Components */ = {
			isa = PBXGroup;
			children = (
				059890682C2EB5A6005C3494 /* ListingImageCarouselView.swift */,
				05C8E9AF2C3145490011DD9E /* CollapsedPickerView.swift */,
			);
			path = Components;
			sourceTree = "<group>";
		};
/* End PBXGroup section */

/* Begin PBXNativeTarget section */
		054FFD772C2E9EBA00633196 /* Airbnb */ = {
			isa = PBXNativeTarget;
			buildConfigurationList = 054FFD862C2E9EBB00633196 /* Build configuration list for PBXNativeTarget "Airbnb" */;
			buildPhases = (
				054FFD742C2E9EBA00633196 /* Sources */,
				054FFD752C2E9EBA00633196 /* Frameworks */,
				054FFD762C2E9EBA00633196 /* Resources */,
			);
			buildRules = (
			);
			dependencies = (
			);
			name = Airbnb;
			productName = Airbnb;
			productReference = 054FFD782C2E9EBA00633196 /* Airbnb.app */;
			productType = "com.apple.product-type.application";
		};
/* End PBXNativeTarget section */

/* Begin PBXProject section */
		054FFD702C2E9EBA00633196 /* Project object */ = {
			isa = PBXProject;
			attributes = {
				BuildIndependentTargetsInParallel = 1;
				LastSwiftUpdateCheck = 1530;
				LastUpgradeCheck = 1530;
				TargetAttributes = {
					054FFD772C2E9EBA00633196 = {
						CreatedOnToolsVersion = 15.3;
					};
				};
			};
			buildConfigurationList = 054FFD732C2E9EBA00633196 /* Build configuration list for PBXProject "Airbnb" */;
			compatibilityVersion = "Xcode 14.0";
			developmentRegion = en;
			hasScannedForEncodings = 0;
			knownRegions = (
				en,
				Base,
			);
			mainGroup = 054FFD6F2C2E9EBA00633196;
			productRefGroup = 054FFD792C2E9EBA00633196 /* Products */;
			projectDirPath = "";
			projectRoot = "";
			targets = (
				054FFD772C2E9EBA00633196 /* Airbnb */,
			);
		};
/* End PBXProject section */

/* Begin PBXResourcesBuildPhase section */
		054FFD762C2E9EBA00633196 /* Resources */ = {
			isa = PBXResourcesBuildPhase;
			buildActionMask = 2147483647;
			files = (
				054FFD832C2E9EBB00633196 /* Preview Assets.xcassets in Resources */,
				054FFD802C2E9EBB00633196 /* Assets.xcassets in Resources */,
			);
			runOnlyForDeploymentPostprocessing = 0;
		};
/* End PBXResourcesBuildPhase section */

/* Begin PBXSourcesBuildPhase section */
		054FFD742C2E9EBA00633196 /* Sources */ = {
			isa = PBXSourcesBuildPhase;
			buildActionMask = 2147483647;
			files = (
				059890692C2EB5A6005C3494 /* ListingImageCarouselView.swift in Sources */,
				050B8FFD2C33E9F80046C81C /* WIshListsView.swift in Sources */,
				050B90032C33EF780046C81C /* Listing.swift in Sources */,
				05C8E9AE2C31414B0011DD9E /* DestinationSearchView.swift in Sources */,
				05C8E9B02C3145490011DD9E /* CollapsedPickerView.swift in Sources */,
				051F125E2C33456600C90A9D /* CollapsibleSearchViewViewModifier.swift in Sources */,
				050B90052C33F0750046C81C /* DeveloperPreview.swift in Sources */,
				050B900C2C33F16E0046C81C /* ExploreService.swift in Sources */,
				051F12602C33470600C90A9D /* ProfileView.swift in Sources */,
				054FFD992C2EA04600633196 /* ListingItemView.swift in Sources */,
				054FFD7E2C2E9EBA00633196 /* ContentView.swift in Sources */,
				054FFD962C2E9F9800633196 /* ExploreView.swift in Sources */,
				050B8FFB2C33E8BB0046C81C /* ProfileOptionRowView.swift in Sources */,
				059890642C2EB1C8005C3494 /* SearchAndFilterBar.swift in Sources */,
				059890662C2EB53E005C3494 /* ListingDetailView.swift in Sources */,
				054FFD7C2C2E9EBA00633196 /* AirbnbApp.swift in Sources */,
				050B900A2C33F11D0046C81C /* ExplorerViewModel.swift in Sources */,
				050B8FFF2C33EAE40046C81C /* MainTabView.swift in Sources */,
			);
			runOnlyForDeploymentPostprocessing = 0;
		};
/* End PBXSourcesBuildPhase section */

/* Begin XCBuildConfiguration section */
		054FFD842C2E9EBB00633196 /* Debug */ = {
			isa = XCBuildConfiguration;
			buildSettings = {
				ALWAYS_SEARCH_USER_PATHS = NO;
				ASSETCATALOG_COMPILER_GENERATE_SWIFT_ASSET_SYMBOL_EXTENSIONS = YES;
				CLANG_ANALYZER_NONNULL = YES;
				CLANG_ANALYZER_NUMBER_OBJECT_CONVERSION = YES_AGGRESSIVE;
				CLANG_CXX_LANGUAGE_STANDARD = "gnu++20";
				CLANG_ENABLE_MODULES = YES;
				CLANG_ENABLE_OBJC_ARC = YES;
				CLANG_ENABLE_OBJC_WEAK = YES;
				CLANG_WARN_BLOCK_CAPTURE_AUTORELEASING = YES;
				CLANG_WARN_BOOL_CONVERSION = YES;
				CLANG_WARN_COMMA = YES;
				CLANG_WARN_CONSTANT_CONVERSION = YES;
				CLANG_WARN_DEPRECATED_OBJC_IMPLEMENTATIONS = YES;
				CLANG_WARN_DIRECT_OBJC_ISA_USAGE = YES_ERROR;
				CLANG_WARN_DOCUMENTATION_COMMENTS = YES;
				CLANG_WARN_EMPTY_BODY = YES;
				CLANG_WARN_ENUM_CONVERSION = YES;
				CLANG_WARN_INFINITE_RECURSION = YES;
				CLANG_WARN_INT_CONVERSION = YES;
				CLANG_WARN_NON_LITERAL_NULL_CONVERSION = YES;
				CLANG_WARN_OBJC_IMPLICIT_RETAIN_SELF = YES;
				CLANG_WARN_OBJC_LITERAL_CONVERSION = YES;
				CLANG_WARN_OBJC_ROOT_CLASS = YES_ERROR;
				CLANG_WARN_QUOTED_INCLUDE_IN_FRAMEWORK_HEADER = YES;
				CLANG_WARN_RANGE_LOOP_ANALYSIS = YES;
				CLANG_WARN_STRICT_PROTOTYPES = YES;
				CLANG_WARN_SUSPICIOUS_MOVE = YES;
				CLANG_WARN_UNGUARDED_AVAILABILITY = YES_AGGRESSIVE;
				CLANG_WARN_UNREACHABLE_CODE = YES;
				CLANG_WARN__DUPLICATE_METHOD_MATCH = YES;
				COPY_PHASE_STRIP = NO;
				DEBUG_INFORMATION_FORMAT = dwarf;
				ENABLE_STRICT_OBJC_MSGSEND = YES;
				ENABLE_TESTABILITY = YES;
				ENABLE_USER_SCRIPT_SANDBOXING = YES;
				GCC_C_LANGUAGE_STANDARD = gnu17;
				GCC_DYNAMIC_NO_PIC = NO;
				GCC_NO_COMMON_BLOCKS = YES;
				GCC_OPTIMIZATION_LEVEL = 0;
				GCC_PREPROCESSOR_DEFINITIONS = (
					"DEBUG=1",
					"$(inherited)",
				);
				GCC_WARN_64_TO_32_BIT_CONVERSION = YES;
				GCC_WARN_ABOUT_RETURN_TYPE = YES_ERROR;
				GCC_WARN_UNDECLARED_SELECTOR = YES;
				GCC_WARN_UNINITIALIZED_AUTOS = YES_AGGRESSIVE;
				GCC_WARN_UNUSED_FUNCTION = YES;
				GCC_WARN_UNUSED_VARIABLE = YES;
				IPHONEOS_DEPLOYMENT_TARGET = 17.4;
				LOCALIZATION_PREFERS_STRING_CATALOGS = YES;
				MTL_ENABLE_DEBUG_INFO = INCLUDE_SOURCE;
				MTL_FAST_MATH = YES;
				ONLY_ACTIVE_ARCH = YES;
				SDKROOT = iphoneos;
				SWIFT_ACTIVE_COMPILATION_CONDITIONS = "DEBUG $(inherited)";
				SWIFT_OPTIMIZATION_LEVEL = "-Onone";
			};
			name = Debug;
		};
		054FFD852C2E9EBB00633196 /* Release */ = {
			isa = XCBuildConfiguration;
			buildSettings = {
				ALWAYS_SEARCH_USER_PATHS = NO;
				ASSETCATALOG_COMPILER_GENERATE_SWIFT_ASSET_SYMBOL_EXTENSIONS = YES;
				CLANG_ANALYZER_NONNULL = YES;
				CLANG_ANALYZER_NUMBER_OBJECT_CONVERSION = YES_AGGRESSIVE;
				CLANG_CXX_LANGUAGE_STANDARD = "gnu++20";
				CLANG_ENABLE_MODULES = YES;
				CLANG_ENABLE_OBJC_ARC = YES;
				CLANG_ENABLE_OBJC_WEAK = YES;
				CLANG_WARN_BLOCK_CAPTURE_AUTORELEASING = YES;
				CLANG_WARN_BOOL_CONVERSION = YES;
				CLANG_WARN_COMMA = YES;
				CLANG_WARN_CONSTANT_CONVERSION = YES;
				CLANG_WARN_DEPRECATED_OBJC_IMPLEMENTATIONS = YES;
				CLANG_WARN_DIRECT_OBJC_ISA_USAGE = YES_ERROR;
				CLANG_WARN_DOCUMENTATION_COMMENTS = YES;
				CLANG_WARN_EMPTY_BODY = YES;
				CLANG_WARN_ENUM_CONVERSION = YES;
				CLANG_WARN_INFINITE_RECURSION = YES;
				CLANG_WARN_INT_CONVERSION = YES;
				CLANG_WARN_NON_LITERAL_NULL_CONVERSION = YES;
				CLANG_WARN_OBJC_IMPLICIT_RETAIN_SELF = YES;
				CLANG_WARN_OBJC_LITERAL_CONVERSION = YES;
				CLANG_WARN_OBJC_ROOT_CLASS = YES_ERROR;
				CLANG_WARN_QUOTED_INCLUDE_IN_FRAMEWORK_HEADER = YES;
				CLANG_WARN_RANGE_LOOP_ANALYSIS = YES;
				CLANG_WARN_STRICT_PROTOTYPES = YES;
				CLANG_WARN_SUSPICIOUS_MOVE = YES;
				CLANG_WARN_UNGUARDED_AVAILABILITY = YES_AGGRESSIVE;
				CLANG_WARN_UNREACHABLE_CODE = YES;
				CLANG_WARN__DUPLICATE_METHOD_MATCH = YES;
				COPY_PHASE_STRIP = NO;
				DEBUG_INFORMATION_FORMAT = "dwarf-with-dsym";
				ENABLE_NS_ASSERTIONS = NO;
				ENABLE_STRICT_OBJC_MSGSEND = YES;
				ENABLE_USER_SCRIPT_SANDBOXING = YES;
				GCC_C_LANGUAGE_STANDARD = gnu17;
				GCC_NO_COMMON_BLOCKS = YES;
				GCC_WARN_64_TO_32_BIT_CONVERSION = YES;
				GCC_WARN_ABOUT_RETURN_TYPE = YES_ERROR;
				GCC_WARN_UNDECLARED_SELECTOR = YES;
				GCC_WARN_UNINITIALIZED_AUTOS = YES_AGGRESSIVE;
				GCC_WARN_UNUSED_FUNCTION = YES;
				GCC_WARN_UNUSED_VARIABLE = YES;
				IPHONEOS_DEPLOYMENT_TARGET = 17.4;
				LOCALIZATION_PREFERS_STRING_CATALOGS = YES;
				MTL_ENABLE_DEBUG_INFO = NO;
				MTL_FAST_MATH = YES;
				SDKROOT = iphoneos;
				SWIFT_COMPILATION_MODE = wholemodule;
				VALIDATE_PRODUCT = YES;
			};
			name = Release;
		};
		054FFD872C2E9EBB00633196 /* Debug */ = {
			isa = XCBuildConfiguration;
			buildSettings = {
				ASSETCATALOG_COMPILER_APPICON_NAME = AppIcon;
				ASSETCATALOG_COMPILER_GLOBAL_ACCENT_COLOR_NAME = AccentColor;
				CODE_SIGN_STYLE = Automatic;
				CURRENT_PROJECT_VERSION = 1;
				DEVELOPMENT_ASSET_PATHS = "\"Airbnb/Preview Content\"";
				DEVELOPMENT_TEAM = JJDGU4RRGQ;
				ENABLE_PREVIEWS = YES;
				GENERATE_INFOPLIST_FILE = YES;
				INFOPLIST_KEY_UIApplicationSceneManifest_Generation = YES;
				INFOPLIST_KEY_UIApplicationSupportsIndirectInputEvents = YES;
				INFOPLIST_KEY_UILaunchScreen_Generation = YES;
				INFOPLIST_KEY_UISupportedInterfaceOrientations_iPad = "UIInterfaceOrientationPortrait UIInterfaceOrientationPortraitUpsideDown UIInterfaceOrientationLandscapeLeft UIInterfaceOrientationLandscapeRight";
				INFOPLIST_KEY_UISupportedInterfaceOrientations_iPhone = "UIInterfaceOrientationPortrait UIInterfaceOrientationLandscapeLeft UIInterfaceOrientationLandscapeRight";
				LD_RUNPATH_SEARCH_PATHS = (
					"$(inherited)",
					"@executable_path/Frameworks",
				);
				MARKETING_VERSION = 1.0;
				PRODUCT_BUNDLE_IDENTIFIER = com.aditya.Airbnb;
				PRODUCT_NAME = "$(TARGET_NAME)";
				SWIFT_EMIT_LOC_STRINGS = YES;
				SWIFT_VERSION = 5.0;
				TARGETED_DEVICE_FAMILY = "1,2";
			};
			name = Debug;
		};
		054FFD882C2E9EBB00633196 /* Release */ = {
			isa = XCBuildConfiguration;
			buildSettings = {
				ASSETCATALOG_COMPILER_APPICON_NAME = AppIcon;
				ASSETCATALOG_COMPILER_GLOBAL_ACCENT_COLOR_NAME = AccentColor;
				CODE_SIGN_STYLE = Automatic;
				CURRENT_PROJECT_VERSION = 1;
				DEVELOPMENT_ASSET_PATHS = "\"Airbnb/Preview Content\"";
				DEVELOPMENT_TEAM = JJDGU4RRGQ;
				ENABLE_PREVIEWS = YES;
				GENERATE_INFOPLIST_FILE = YES;
				INFOPLIST_KEY_UIApplicationSceneManifest_Generation = YES;
				INFOPLIST_KEY_UIApplicationSupportsIndirectInputEvents = YES;
				INFOPLIST_KEY_UILaunchScreen_Generation = YES;
				INFOPLIST_KEY_UISupportedInterfaceOrientations_iPad = "UIInterfaceOrientationPortrait UIInterfaceOrientationPortraitUpsideDown UIInterfaceOrientationLandscapeLeft UIInterfaceOrientationLandscapeRight";
				INFOPLIST_KEY_UISupportedInterfaceOrientations_iPhone = "UIInterfaceOrientationPortrait UIInterfaceOrientationLandscapeLeft UIInterfaceOrientationLandscapeRight";
				LD_RUNPATH_SEARCH_PATHS = (
					"$(inherited)",
					"@executable_path/Frameworks",
				);
				MARKETING_VERSION = 1.0;
				PRODUCT_BUNDLE_IDENTIFIER = com.aditya.Airbnb;
				PRODUCT_NAME = "$(TARGET_NAME)";
				SWIFT_EMIT_LOC_STRINGS = YES;
				SWIFT_VERSION = 5.0;
				TARGETED_DEVICE_FAMILY = "1,2";
			};
			name = Release;
		};
/* End XCBuildConfiguration section */

/* Begin XCConfigurationList section */
		054FFD732C2E9EBA00633196 /* Build configuration list for PBXProject "Airbnb" */ = {
			isa = XCConfigurationList;
			buildConfigurations = (
				054FFD842C2E9EBB00633196 /* Debug */,
				054FFD852C2E9EBB00633196 /* Release */,
			);
			defaultConfigurationIsVisible = 0;
			defaultConfigurationName = Release;
		};
		054FFD862C2E9EBB00633196 /* Build configuration list for PBXNativeTarget "Airbnb" */ = {
			isa = XCConfigurationList;
			buildConfigurations = (
				054FFD872C2E9EBB00633196 /* Debug */,
				054FFD882C2E9EBB00633196 /* Release */,
			);
			defaultConfigurationIsVisible = 0;
			defaultConfigurationName = Release;
		};
/* End XCConfigurationList section */
	};
	rootObject = 054FFD702C2E9EBA00633196 /* Project object */;
}
